
Microsoft Visual Studio Solution File, Format Version 12.00
# Visual Studio 15
VisualStudioVersion = 15.0.28010.2046
MinimumVisualStudioVersion = 10.0.40219.1
Project("{FAE04EC0-301F-11D3-BF4B-00C04F79EFBC}") = "Gobchat", "Gobchat.csproj", "{8EBC386E-05F8-4047-AD82-AB7CC7C05852}"
EndProject
Global
	GlobalSection(SolutionConfigurationPlatforms) = preSolution
		Debug|Any CPU = Debug|Any CPU
		Release|Any CPU = Release|Any CPU
	EndGlobalSection
	GlobalSection(ProjectConfigurationPlatforms) = postSolution
		{8EBC386E-05F8-4047-AD82-AB7CC7C05852}.Debug|Any CPU.ActiveCfg = Debug|Any CPU
		{8EBC386E-05F8-4047-AD82-AB7CC7C05852}.Debug|Any CPU.Build.0 = Debug|Any CPU
		{8EBC386E-05F8-4047-AD82-AB7CC7C05852}.Release|Any CPU.ActiveCfg = Release|Any CPU
		{8EBC386E-05F8-4047-AD82-AB7CC7C05852}.Release|Any CPU.Build.0 = Release|Any CPU
	EndGlobalSection
	GlobalSection(SolutionProperties) = preSolution
		HideSolutionNode = FALSE
	EndGlobalSection
	GlobalSection(ExtensibilityGlobals) = postSolution
		SolutionGuid = {355178DC-0F83-484F-AABF-541EFD7B393C}
	EndGlobalSection
EndGlobal
